
Microsoft Visual Studio Solution File, Format Version 12.00
Project("{FAE04EC0-301F-11D3-BF4B-00C04F79EFBC}") = "HealthReportService", "HealthReportService\HealthReportService.csproj", "{1BB61A72-383F-4CAD-8980-E42CE30F7312}"
EndProject
Project("{FAE04EC0-301F-11D3-BF4B-00C04F79EFBC}") = "HealthReportService_UnitTest", "HealthReportService_UnitTest\HealthReportService_UnitTest.csproj", "{66BE6CDF-E5E4-4A01-9B97-8BFCBB5778B8}"
EndProject
Global
	GlobalSection(SolutionConfigurationPlatforms) = preSolution
		Debug|Any CPU = Debug|Any CPU
		Release|Any CPU = Release|Any CPU
	EndGlobalSection
	GlobalSection(ProjectConfigurationPlatforms) = postSolution
		{1BB61A72-383F-4CAD-8980-E42CE30F7312}.Debug|Any CPU.ActiveCfg = Debug|Any CPU
		{1BB61A72-383F-4CAD-8980-E42CE30F7312}.Debug|Any CPU.Build.0 = Debug|Any CPU
		{1BB61A72-383F-4CAD-8980-E42CE30F7312}.Release|Any CPU.ActiveCfg = Release|Any CPU
		{1BB61A72-383F-4CAD-8980-E42CE30F7312}.Release|Any CPU.Build.0 = Release|Any CPU
		{66BE6CDF-E5E4-4A01-9B97-8BFCBB5778B8}.Debug|Any CPU.ActiveCfg = Debug|Any CPU
		{66BE6CDF-E5E4-4A01-9B97-8BFCBB5778B8}.Debug|Any CPU.Build.0 = Debug|Any CPU
		{66BE6CDF-E5E4-4A01-9B97-8BFCBB5778B8}.Release|Any CPU.ActiveCfg = Release|Any CPU
		{66BE6CDF-E5E4-4A01-9B97-8BFCBB5778B8}.Release|Any CPU.Build.0 = Release|Any CPU
	EndGlobalSection
EndGlobal
